
Microsoft Visual Studio Solution File, Format Version 12.00
Project("{FAE04EC0-301F-11D3-BF4B-00C04F79EFBC}") = "ConsoleSF", "ConsoleSF\ConsoleSF.csproj", "{ACB6CED7-DB97-423E-8BF7-9683C6F80EBD}"
EndProject
Global
	GlobalSection(SolutionConfigurationPlatforms) = preSolution
		Debug|Any CPU = Debug|Any CPU
		Release|Any CPU = Release|Any CPU
	EndGlobalSection
	GlobalSection(ProjectConfigurationPlatforms) = postSolution
		{ACB6CED7-DB97-423E-8BF7-9683C6F80EBD}.Debug|Any CPU.ActiveCfg = Debug|Any CPU
		{ACB6CED7-DB97-423E-8BF7-9683C6F80EBD}.Debug|Any CPU.Build.0 = Debug|Any CPU
		{ACB6CED7-DB97-423E-8BF7-9683C6F80EBD}.Release|Any CPU.ActiveCfg = Release|Any CPU
		{ACB6CED7-DB97-423E-8BF7-9683C6F80EBD}.Release|Any CPU.Build.0 = Release|Any CPU
	EndGlobalSection
EndGlobal
